
Microsoft Visual Studio Solution File, Format Version 12.00
# Visual Studio Version 17
VisualStudioVersion = 17.7.34024.191
MinimumVisualStudioVersion = 10.0.40219.1
Project("{FAE04EC0-301F-11D3-BF4B-00C04F79EFBC}") = "HomeCookedHub.Server", "Server\HomeCookedHub.Server.csproj", "{B2FE95B2-E05A-4778-AE78-D770A91D6210}"
EndProject
Project("{FAE04EC0-301F-11D3-BF4B-00C04F79EFBC}") = "HomeCookedHub.Client", "Client\HomeCookedHub.Client.csproj", "{8A5CF2D9-BCE3-466D-BF42-BCEA04DD5C15}"
EndProject
Project("{FAE04EC0-301F-11D3-BF4B-00C04F79EFBC}") = "HomeCookedHub.Shared", "Shared\HomeCookedHub.Shared.csproj", "{A7B86B39-5D55-48B7-AA9D-1DD04656155F}"
EndProject
Global
	GlobalSection(SolutionConfigurationPlatforms) = preSolution
		Debug|Any CPU = Debug|Any CPU
		Release|Any CPU = Release|Any CPU
	EndGlobalSection
	GlobalSection(ProjectConfigurationPlatforms) = postSolution
		{B2FE95B2-E05A-4778-AE78-D770A91D6210}.Debug|Any CPU.ActiveCfg = Debug|Any CPU
		{B2FE95B2-E05A-4778-AE78-D770A91D6210}.Debug|Any CPU.Build.0 = Debug|Any CPU
		{B2FE95B2-E05A-4778-AE78-D770A91D6210}.Release|Any CPU.ActiveCfg = Release|Any CPU
		{B2FE95B2-E05A-4778-AE78-D770A91D6210}.Release|Any CPU.Build.0 = Release|Any CPU
		{8A5CF2D9-BCE3-466D-BF42-BCEA04DD5C15}.Debug|Any CPU.ActiveCfg = Debug|Any CPU
		{8A5CF2D9-BCE3-466D-BF42-BCEA04DD5C15}.Debug|Any CPU.Build.0 = Debug|Any CPU
		{8A5CF2D9-BCE3-466D-BF42-BCEA04DD5C15}.Release|Any CPU.ActiveCfg = Release|Any CPU
		{8A5CF2D9-BCE3-466D-BF42-BCEA04DD5C15}.Release|Any CPU.Build.0 = Release|Any CPU
		{A7B86B39-5D55-48B7-AA9D-1DD04656155F}.Debug|Any CPU.ActiveCfg = Debug|Any CPU
		{A7B86B39-5D55-48B7-AA9D-1DD04656155F}.Debug|Any CPU.Build.0 = Debug|Any CPU
		{A7B86B39-5D55-48B7-AA9D-1DD04656155F}.Release|Any CPU.ActiveCfg = Release|Any CPU
		{A7B86B39-5D55-48B7-AA9D-1DD04656155F}.Release|Any CPU.Build.0 = Release|Any CPU
	EndGlobalSection
	GlobalSection(SolutionProperties) = preSolution
		HideSolutionNode = FALSE
	EndGlobalSection
	GlobalSection(ExtensibilityGlobals) = postSolution
		SolutionGuid = {D43DE042-90F1-4188-9B50-5676DA89BEB5}
	EndGlobalSection
EndGlobal
